
Microsoft Visual Studio Solution File, Format Version 12.00
# Visual Studio Version 17
VisualStudioVersion = 17.14.37111.16 d17.14
MinimumVisualStudioVersion = 10.0.40219.1
Project("{FAE04EC0-301F-11D3-BF4B-00C04F79EFBC}") = "WindowsFormsApp4", "WindowsFormsApp4\WindowsFormsApp4.csproj", "{D013AE4D-B5A2-4E7C-9DD9-ACCC9E872302}"
EndProject
Global
	GlobalSection(SolutionConfigurationPlatforms) = preSolution
		Debug|Any CPU = Debug|Any CPU
		Release|Any CPU = Release|Any CPU
	EndGlobalSection
	GlobalSection(ProjectConfigurationPlatforms) = postSolution
		{D013AE4D-B5A2-4E7C-9DD9-ACCC9E872302}.Debug|Any CPU.ActiveCfg = Debug|Any CPU
		{D013AE4D-B5A2-4E7C-9DD9-ACCC9E872302}.Debug|Any CPU.Build.0 = Debug|Any CPU
		{D013AE4D-B5A2-4E7C-9DD9-ACCC9E872302}.Release|Any CPU.ActiveCfg = Release|Any CPU
		{D013AE4D-B5A2-4E7C-9DD9-ACCC9E872302}.Release|Any CPU.Build.0 = Release|Any CPU
	EndGlobalSection
	GlobalSection(SolutionProperties) = preSolution
		HideSolutionNode = FALSE
	EndGlobalSection
	GlobalSection(ExtensibilityGlobals) = postSolution
		SolutionGuid = {CDE631B2-C4AA-4FD4-8BC0-04D90EB5BE05}
	EndGlobalSection
EndGlobal
