
Microsoft Visual Studio Solution File, Format Version 12.00
# Visual Studio Version 17
VisualStudioVersion = 17.14.37111.16 d17.14
MinimumVisualStudioVersion = 10.0.40219.1
Project("{FAE04EC0-301F-11D3-BF4B-00C04F79EFBC}") = "WindowsFormsApp3", "WindowsFormsApp3\WindowsFormsApp3.csproj", "{3C46CBD7-DDAA-405D-A852-AE6ABDD71C97}"
EndProject
Global
	GlobalSection(SolutionConfigurationPlatforms) = preSolution
		Debug|Any CPU = Debug|Any CPU
		Release|Any CPU = Release|Any CPU
	EndGlobalSection
	GlobalSection(ProjectConfigurationPlatforms) = postSolution
		{3C46CBD7-DDAA-405D-A852-AE6ABDD71C97}.Debug|Any CPU.ActiveCfg = Debug|Any CPU
		{3C46CBD7-DDAA-405D-A852-AE6ABDD71C97}.Debug|Any CPU.Build.0 = Debug|Any CPU
		{3C46CBD7-DDAA-405D-A852-AE6ABDD71C97}.Release|Any CPU.ActiveCfg = Release|Any CPU
		{3C46CBD7-DDAA-405D-A852-AE6ABDD71C97}.Release|Any CPU.Build.0 = Release|Any CPU
	EndGlobalSection
	GlobalSection(SolutionProperties) = preSolution
		HideSolutionNode = FALSE
	EndGlobalSection
	GlobalSection(ExtensibilityGlobals) = postSolution
		SolutionGuid = {8F78D312-2D8A-4C9F-8651-0C2C1FA932C6}
	EndGlobalSection
EndGlobal
