
Microsoft Visual Studio Solution File, Format Version 12.00
# Visual Studio Version 17
VisualStudioVersion = 17.9.34728.123
MinimumVisualStudioVersion = 10.0.40219.1
Project("{FAE04EC0-301F-11D3-BF4B-00C04F79EFBC}") = "11", "11.csproj", "{2AB4C319-F365-4369-B4DD-0F56AFFBA76B}"
EndProject
Global
	GlobalSection(SolutionConfigurationPlatforms) = preSolution
		Debug|Any CPU = Debug|Any CPU
		Release|Any CPU = Release|Any CPU
	EndGlobalSection
	GlobalSection(ProjectConfigurationPlatforms) = postSolution
		{2AB4C319-F365-4369-B4DD-0F56AFFBA76B}.Debug|Any CPU.ActiveCfg = Debug|Any CPU
		{2AB4C319-F365-4369-B4DD-0F56AFFBA76B}.Debug|Any CPU.Build.0 = Debug|Any CPU
		{2AB4C319-F365-4369-B4DD-0F56AFFBA76B}.Release|Any CPU.ActiveCfg = Release|Any CPU
		{2AB4C319-F365-4369-B4DD-0F56AFFBA76B}.Release|Any CPU.Build.0 = Release|Any CPU
	EndGlobalSection
	GlobalSection(SolutionProperties) = preSolution
		HideSolutionNode = FALSE
	EndGlobalSection
	GlobalSection(ExtensibilityGlobals) = postSolution
		SolutionGuid = {F37C85B4-8FB9-4930-9F05-67E7D97B9EEF}
	EndGlobalSection
EndGlobal
